
Microsoft Visual Studio Solution File, Format Version 12.00
# Visual Studio Version 16
VisualStudioVersion = 16.0.30804.86
MinimumVisualStudioVersion = 10.0.40219.1
Project("{FAE04EC0-301F-11D3-BF4B-00C04F79EFBC}") = "mysecondwebapp", "mysecondwebapp.csproj", "{9D49E257-0D87-4FE3-8C25-19743DAE536C}"
EndProject
Global
	GlobalSection(SolutionConfigurationPlatforms) = preSolution
		Debug|Any CPU = Debug|Any CPU
		Release|Any CPU = Release|Any CPU
	EndGlobalSection
	GlobalSection(ProjectConfigurationPlatforms) = postSolution
		{9D49E257-0D87-4FE3-8C25-19743DAE536C}.Debug|Any CPU.ActiveCfg = Debug|Any CPU
		{9D49E257-0D87-4FE3-8C25-19743DAE536C}.Debug|Any CPU.Build.0 = Debug|Any CPU
		{9D49E257-0D87-4FE3-8C25-19743DAE536C}.Release|Any CPU.ActiveCfg = Release|Any CPU
		{9D49E257-0D87-4FE3-8C25-19743DAE536C}.Release|Any CPU.Build.0 = Release|Any CPU
	EndGlobalSection
	GlobalSection(SolutionProperties) = preSolution
		HideSolutionNode = FALSE
	EndGlobalSection
	GlobalSection(ExtensibilityGlobals) = postSolution
		SolutionGuid = {77CAD7B6-8BDC-497E-8D1A-EF9BFEC105F4}
	EndGlobalSection
EndGlobal
